{
    "_readme": [
        "This file locks the dependencies of your project to a known state",
        "Read more about it at https://getcomposer.org/doc/01-basic-usage.md#installing-dependencies",
        "This file is @generated automatically"
    ],
    "content-hash": "11a8e0a906540fc5afb81fbe3382fcf2",
    "packages": [
        {
            "name": "getkirby/composer-installer",
            "version": "1.2.1",
            "source": {
                "type": "git",
                "url": "https://github.com/getkirby/composer-installer.git",
                "reference": "c98ece30bfba45be7ce457e1102d1b169d922f3d"
            },
            "dist": {
                "type": "zip",
                "url": "https://api.github.com/repos/getkirby/composer-installer/zipball/c98ece30bfba45be7ce457e1102d1b169d922f3d",
                "reference": "c98ece30bfba45be7ce457e1102d1b169d922f3d",
                "shasum": ""
            },
            "require": {
                "composer-plugin-api": "^1.0 || ^2.0"
            },
            "require-dev": {
                "composer/composer": "^1.8 || ^2.0"
            },
            "type": "composer-plugin",
            "extra": {
                "class": "Kirby\\ComposerInstaller\\Plugin"
            },
            "autoload": {
                "psr-4": {
                    "Kirby\\": "src/"
                }
            },
            "notification-url": "https://packagist.org/downloads/",
            "license": [
                "MIT"
            ],
            "description": "Kirby's custom Composer installer for the Kirby CMS and for Kirby plugins",
            "homepage": "https://getkirby.com",
            "support": {
                "issues": "https://github.com/getkirby/composer-installer/issues",
                "source": "https://github.com/getkirby/composer-installer/tree/1.2.1"
            },
            "funding": [
                {
                    "url": "https://getkirby.com/buy",
                    "type": "custom"
                }
            ],
            "time": "2020-12-28T12:54:39+00:00"
        },
        {
            "name": "posthog/posthog-php",
            "version": "3.0.4",
            "source": {
                "type": "git",
                "url": "https://github.com/PostHog/posthog-php.git",
                "reference": "a1561fd6a16672fd89545559dd3bfa8992cac7eb"
            },
            "dist": {
                "type": "zip",
                "url": "https://api.github.com/repos/PostHog/posthog-php/zipball/a1561fd6a16672fd89545559dd3bfa8992cac7eb",
                "reference": "a1561fd6a16672fd89545559dd3bfa8992cac7eb",
                "shasum": ""
            },
            "require": {
                "ext-json": "*",
                "php": ">=8.0"
            },
            "require-dev": {
                "overtrue/phplint": "^3.0",
                "phpunit/phpunit": "^9.0",
                "squizlabs/php_codesniffer": "^3.7"
            },
            "bin": [
                "bin/posthog"
            ],
            "type": "library",
            "autoload": {
                "psr-4": {
                    "PostHog\\": "lib/"
                }
            },
            "notification-url": "https://packagist.org/downloads/",
            "license": [
                "MIT"
            ],
            "authors": [
                {
                    "name": "PostHog <hey@posthog.com>",
                    "homepage": "https://posthog.com/"
                }
            ],
            "description": "PostHog PHP Library",
            "homepage": "https://github.com/PostHog/posthog-php",
            "keywords": [
                "posthog"
            ],
            "support": {
                "issues": "https://github.com/PostHog/posthog-php/issues",
                "source": "https://github.com/PostHog/posthog-php/tree/3.0.4"
            },
            "time": "2023-05-19T15:29:21+00:00"
        }
    ],
    "packages-dev": [],
    "aliases": [],
    "minimum-stability": "stable",
    "stability-flags": [],
    "prefer-stable": false,
    "prefer-lowest": false,
    "platform": {
        "php": ">=8.0.0"
    },
    "platform-dev": [],
    "plugin-api-version": "2.3.0"
}
